// !$*UTF8*$!
{
	archiveVersion = 1;
	classes = {
	};
	objectVersion = 50;
	objects = {

/* Begin PBXBuildFile section */
		6836C96625A5F24600C30694 /* Card.swift in Sources */ = {isa = PBXBuildFile; fileRef = 6836C96525A5F24600C30694 /* Card.swift */; };
		6836C96825A5F33300C30694 /* CardView.swift in Sources */ = {isa = PBXBuildFile; fileRef = 6836C96725A5F33300C30694 /* CardView.swift */; };
		68E7D30225A55B8200FD7A14 /* AppDelegate.swift in Sources */ = {isa = PBXBuildFile; fileRef = 68E7D30125A55B8200FD7A14 /* AppDelegate.swift */; };
		68E7D30425A55B8200FD7A14 /* SceneDelegate.swift in Sources */ = {isa = PBXBuildFile; fileRef = 68E7D30325A55B8200FD7A14 /* SceneDelegate.swift */; };
		68E7D30625A55B8200FD7A14 /* ContentView.swift in Sources */ = {isa = PBXBuildFile; fileRef = 68E7D30525A55B8200FD7A14 /* ContentView.swift */; };
		68E7D30825A55B8400FD7A14 /* Assets.xcassets in Resources */ = {isa = PBXBuildFile; fileRef = 68E7D30725A55B8400FD7A14 /* Assets.xcassets */; };
		68E7D30B25A55B8400FD7A14 /* Preview Assets.xcassets in Resources */ = {isa = PBXBuildFile; fileRef = 68E7D30A25A55B8400FD7A14 /* Preview Assets.xcassets */; };
		68E7D30E25A55B8400FD7A14 /* LaunchScreen.storyboard in Resources */ = {isa = PBXBuildFile; fileRef = 68E7D30C25A55B8400FD7A14 /* LaunchScreen.storyboard */; };
		68EA184025A623D00045F19E /* EditCardView.swift in Sources */ = {isa = PBXBuildFile; fileRef = 68EA183F25A623D00045F19E /* EditCardView.swift */; };
/* End PBXBuildFile section */

/* Begin PBXFileReference section */
		6836C96525A5F24600C30694 /* Card.swift */ = {isa = PBXFileReference; lastKnownFileType = sourcecode.swift; path = Card.swift; sourceTree = "<group>"; };
		6836C96725A5F33300C30694 /* CardView.swift */ = {isa = PBXFileReference; lastKnownFileType = sourcecode.swift; path = CardView.swift; sourceTree = SOURCE_ROOT; };
		68E7D2FE25A55B8200FD7A14 /* Flashzilla.app */ = {isa = PBXFileReference; explicitFileType = wrapper.application; includeInIndex = 0; path = Flashzilla.app; sourceTree = BUILT_PRODUCTS_DIR; };
		68E7D30125A55B8200FD7A14 /* AppDelegate.swift */ = {isa = PBXFileReference; lastKnownFileType = sourcecode.swift; path = AppDelegate.swift; sourceTree = "<group>"; };
		68E7D30325A55B8200FD7A14 /* SceneDelegate.swift */ = {isa = PBXFileReference; lastKnownFileType = sourcecode.swift; path = SceneDelegate.swift; sourceTree = "<group>"; };
		68E7D30525A55B8200FD7A14 /* ContentView.swift */ = {isa = PBXFileReference; lastKnownFileType = sourcecode.swift; path = ContentView.swift; sourceTree = "<group>"; };
		68E7D30725A55B8400FD7A14 /* Assets.xcassets */ = {isa = PBXFileReference; lastKnownFileType = folder.assetcatalog; path = Assets.xcassets; sourceTree = "<group>"; };
		68E7D30A25A55B8400FD7A14 /* Preview Assets.xcassets */ = {isa = PBXFileReference; lastKnownFileType = folder.assetcatalog; path = "Preview Assets.xcassets"; sourceTree = "<group>"; };
		68E7D30D25A55B8400FD7A14 /* Base */ = {isa = PBXFileReference; lastKnownFileType = file.storyboard; name = Base; path = Base.lproj/LaunchScreen.storyboard; sourceTree = "<group>"; };
		68E7D30F25A55B8400FD7A14 /* Info.plist */ = {isa = PBXFileReference; lastKnownFileType = text.plist.xml; path = Info.plist; sourceTree = "<group>"; };
		68EA183F25A623D00045F19E /* EditCardView.swift */ = {isa = PBXFileReference; lastKnownFileType = sourcecode.swift; path = EditCardView.swift; sourceTree = "<group>"; };
/* End PBXFileReference section */

/* Begin PBXFrameworksBuildPhase section */
		68E7D2FB25A55B8200FD7A14 /* Frameworks */ = {
			isa = PBXFrameworksBuildPhase;
			buildActionMask = 2147483647;
			files = (
			);
			runOnlyForDeploymentPostprocessing = 0;
		};
/* End PBXFrameworksBuildPhase section */

/* Begin PBXGroup section */
		68E7D2F525A55B8200FD7A14 = {
			isa = PBXGroup;
			children = (
				68E7D30025A55B8200FD7A14 /* Flashzilla */,
				68E7D2FF25A55B8200FD7A14 /* Products */,
			);
			sourceTree = "<group>";
		};
		68E7D2FF25A55B8200FD7A14 /* Products */ = {
			isa = PBXGroup;
			children = (
				68E7D2FE25A55B8200FD7A14 /* Flashzilla.app */,
			);
			name = Products;
			sourceTree = "<group>";
		};
		68E7D30025A55B8200FD7A14 /* Flashzilla */ = {
			isa = PBXGroup;
			children = (
				6836C96725A5F33300C30694 /* CardView.swift */,
				6836C96525A5F24600C30694 /* Card.swift */,
				68E7D30125A55B8200FD7A14 /* AppDelegate.swift */,
				68E7D30325A55B8200FD7A14 /* SceneDelegate.swift */,
				68E7D30525A55B8200FD7A14 /* ContentView.swift */,
				68E7D30725A55B8400FD7A14 /* Assets.xcassets */,
				68EA183F25A623D00045F19E /* EditCardView.swift */,
				68E7D30C25A55B8400FD7A14 /* LaunchScreen.storyboard */,
				68E7D30F25A55B8400FD7A14 /* Info.plist */,
				68E7D30925A55B8400FD7A14 /* Preview Content */,
			);
			path = Flashzilla;
			sourceTree = "<group>";
		};
		68E7D30925A55B8400FD7A14 /* Preview Content */ = {
			isa = PBXGroup;
			children = (
				68E7D30A25A55B8400FD7A14 /* Preview Assets.xcassets */,
			);
			path = "Preview Content";
			sourceTree = "<group>";
		};
/* End PBXGroup section */

/* Begin PBXNativeTarget section */
		68E7D2FD25A55B8200FD7A14 /* Flashzilla */ = {
			isa = PBXNativeTarget;
			buildConfigurationList = 68E7D31225A55B8400FD7A14 /* Build configuration list for PBXNativeTarget "Flashzilla" */;
			buildPhases = (
				68E7D2FA25A55B8200FD7A14 /* Sources */,
				68E7D2FB25A55B8200FD7A14 /* Frameworks */,
				68E7D2FC25A55B8200FD7A14 /* Resources */,
			);
			buildRules = (
			);
			dependencies = (
			);
			name = Flashzilla;
			productName = Flashzilla;
			productReference = 68E7D2FE25A55B8200FD7A14 /* Flashzilla.app */;
			productType = "com.apple.product-type.application";
		};
/* End PBXNativeTarget section */

/* Begin PBXProject section */
		68E7D2F625A55B8200FD7A14 /* Project object */ = {
			isa = PBXProject;
			attributes = {
				LastSwiftUpdateCheck = 1130;
				LastUpgradeCheck = 1130;
				ORGANIZATIONNAME = "Tajwar Rahman";
				TargetAttributes = {
					68E7D2FD25A55B8200FD7A14 = {
						CreatedOnToolsVersion = 11.3;
					};
				};
			};
			buildConfigurationList = 68E7D2F925A55B8200FD7A14 /* Build configuration list for PBXProject "Flashzilla" */;
			compatibilityVersion = "Xcode 9.3";
			developmentRegion = en;
			hasScannedForEncodings = 0;
			knownRegions = (
				en,
				Base,
			);
			mainGroup = 68E7D2F525A55B8200FD7A14;
			productRefGroup = 68E7D2FF25A55B8200FD7A14 /* Products */;
			projectDirPath = "";
			projectRoot = "";
			targets = (
				68E7D2FD25A55B8200FD7A14 /* Flashzilla */,
			);
		};
/* End PBXProject section */

/* Begin PBXResourcesBuildPhase section */
		68E7D2FC25A55B8200FD7A14 /* Resources */ = {
			isa = PBXResourcesBuildPhase;
			buildActionMask = 2147483647;
			files = (
				68E7D30E25A55B8400FD7A14 /* LaunchScreen.storyboard in Resources */,
				68E7D30B25A55B8400FD7A14 /* Preview Assets.xcassets in Resources */,
				68E7D30825A55B8400FD7A14 /* Assets.xcassets in Resources */,
			);
			runOnlyForDeploymentPostprocessing = 0;
		};
/* End PBXResourcesBuildPhase section */

/* Begin PBXSourcesBuildPhase section */
		68E7D2FA25A55B8200FD7A14 /* Sources */ = {
			isa = PBXSourcesBuildPhase;
			buildActionMask = 2147483647;
			files = (
				68EA184025A623D00045F19E /* EditCardView.swift in Sources */,
				68E7D30225A55B8200FD7A14 /* AppDelegate.swift in Sources */,
				68E7D30425A55B8200FD7A14 /* SceneDelegate.swift in Sources */,
				68E7D30625A55B8200FD7A14 /* ContentView.swift in Sources */,
				6836C96625A5F24600C30694 /* Card.swift in Sources */,
				6836C96825A5F33300C30694 /* CardView.swift in Sources */,
			);
			runOnlyForDeploymentPostprocessing = 0;
		};
/* End PBXSourcesBuildPhase section */

/* Begin PBXVariantGroup section */
		68E7D30C25A55B8400FD7A14 /* LaunchScreen.storyboard */ = {
			isa = PBXVariantGroup;
			children = (
				68E7D30D25A55B8400FD7A14 /* Base */,
			);
			name = LaunchScreen.storyboard;
			sourceTree = "<group>";
		};
/* End PBXVariantGroup section */

/* Begin XCBuildConfiguration section */
		68E7D31025A55B8400FD7A14 /* Debug */ = {
			isa = XCBuildConfiguration;
			buildSettings = {
				ALWAYS_SEARCH_USER_PATHS = NO;
				CLANG_ANALYZER_NONNULL = YES;
				CLANG_ANALYZER_NUMBER_OBJECT_CONVERSION = YES_AGGRESSIVE;
				CLANG_CXX_LANGUAGE_STANDARD = "gnu++14";
				CLANG_CXX_LIBRARY = "libc++";
				CLANG_ENABLE_MODULES = YES;
				CLANG_ENABLE_OBJC_ARC = YES;
				CLANG_ENABLE_OBJC_WEAK = YES;
				CLANG_WARN_BLOCK_CAPTURE_AUTORELEASING = YES;
				CLANG_WARN_BOOL_CONVERSION = YES;
				CLANG_WARN_COMMA = YES;
				CLANG_WARN_CONSTANT_CONVERSION = YES;
				CLANG_WARN_DEPRECATED_OBJC_IMPLEMENTATIONS = YES;
				CLANG_WARN_DIRECT_OBJC_ISA_USAGE = YES_ERROR;
				CLANG_WARN_DOCUMENTATION_COMMENTS = YES;
				CLANG_WARN_EMPTY_BODY = YES;
				CLANG_WARN_ENUM_CONVERSION = YES;
				CLANG_WARN_INFINITE_RECURSION = YES;
				CLANG_WARN_INT_CONVERSION = YES;
				CLANG_WARN_NON_LITERAL_NULL_CONVERSION = YES;
				CLANG_WARN_OBJC_IMPLICIT_RETAIN_SELF = YES;
				CLANG_WARN_OBJC_LITERAL_CONVERSION = YES;
				CLANG_WARN_OBJC_ROOT_CLASS = YES_ERROR;
				CLANG_WARN_RANGE_LOOP_ANALYSIS = YES;
				CLANG_WARN_STRICT_PROTOTYPES = YES;
				CLANG_WARN_SUSPICIOUS_MOVE = YES;
				CLANG_WARN_UNGUARDED_AVAILABILITY = YES_AGGRESSIVE;
				CLANG_WARN_UNREACHABLE_CODE = YES;
				CLANG_WARN__DUPLICATE_METHOD_MATCH = YES;
				COPY_PHASE_STRIP = NO;
				DEBUG_INFORMATION_FORMAT = dwarf;
				ENABLE_STRICT_OBJC_MSGSEND = YES;
				ENABLE_TESTABILITY = YES;
				GCC_C_LANGUAGE_STANDARD = gnu11;
				GCC_DYNAMIC_NO_PIC = NO;
				GCC_NO_COMMON_BLOCKS = YES;
				GCC_OPTIMIZATION_LEVEL = 0;
				GCC_PREPROCESSOR_DEFINITIONS = (
					"DEBUG=1",
					"$(inherited)",
				);
				GCC_WARN_64_TO_32_BIT_CONVERSION = YES;
				GCC_WARN_ABOUT_RETURN_TYPE = YES_ERROR;
				GCC_WARN_UNDECLARED_SELECTOR = YES;
				GCC_WARN_UNINITIALIZED_AUTOS = YES_AGGRESSIVE;
				GCC_WARN_UNUSED_FUNCTION = YES;
				GCC_WARN_UNUSED_VARIABLE = YES;
				IPHONEOS_DEPLOYMENT_TARGET = 13.2;
				MTL_ENABLE_DEBUG_INFO = INCLUDE_SOURCE;
				MTL_FAST_MATH = YES;
				ONLY_ACTIVE_ARCH = YES;
				SDKROOT = iphoneos;
				SWIFT_ACTIVE_COMPILATION_CONDITIONS = DEBUG;
				SWIFT_OPTIMIZATION_LEVEL = "-Onone";
			};
			name = Debug;
		};
		68E7D31125A55B8400FD7A14 /* Release */ = {
			isa = XCBuildConfiguration;
			buildSettings = {
				ALWAYS_SEARCH_USER_PATHS = NO;
				CLANG_ANALYZER_NONNULL = YES;
				CLANG_ANALYZER_NUMBER_OBJECT_CONVERSION = YES_AGGRESSIVE;
				CLANG_CXX_LANGUAGE_STANDARD = "gnu++14";
				CLANG_CXX_LIBRARY = "libc++";
				CLANG_ENABLE_MODULES = YES;
				CLANG_ENABLE_OBJC_ARC = YES;
				CLANG_ENABLE_OBJC_WEAK = YES;
				CLANG_WARN_BLOCK_CAPTURE_AUTORELEASING = YES;
				CLANG_WARN_BOOL_CONVERSION = YES;
				CLANG_WARN_COMMA = YES;
				CLANG_WARN_CONSTANT_CONVERSION = YES;
				CLANG_WARN_DEPRECATED_OBJC_IMPLEMENTATIONS = YES;
				CLANG_WARN_DIRECT_OBJC_ISA_USAGE = YES_ERROR;
				CLANG_WARN_DOCUMENTATION_COMMENTS = YES;
				CLANG_WARN_EMPTY_BODY = YES;
				CLANG_WARN_ENUM_CONVERSION = YES;
				CLANG_WARN_INFINITE_RECURSION = YES;
				CLANG_WARN_INT_CONVERSION = YES;
				CLANG_WARN_NON_LITERAL_NULL_CONVERSION = YES;
				CLANG_WARN_OBJC_IMPLICIT_RETAIN_SELF = YES;
				CLANG_WARN_OBJC_LITERAL_CONVERSION = YES;
				CLANG_WARN_OBJC_ROOT_CLASS = YES_ERROR;
				CLANG_WARN_RANGE_LOOP_ANALYSIS = YES;
				CLANG_WARN_STRICT_PROTOTYPES = YES;
				CLANG_WARN_SUSPICIOUS_MOVE = YES;
				CLANG_WARN_UNGUARDED_AVAILABILITY = YES_AGGRESSIVE;
				CLANG_WARN_UNREACHABLE_CODE = YES;
				CLANG_WARN__DUPLICATE_METHOD_MATCH = YES;
				COPY_PHASE_STRIP = NO;
				DEBUG_INFORMATION_FORMAT = "dwarf-with-dsym";
				ENABLE_NS_ASSERTIONS = NO;
				ENABLE_STRICT_OBJC_MSGSEND = YES;
				GCC_C_LANGUAGE_STANDARD = gnu11;
				GCC_NO_COMMON_BLOCKS = YES;
				GCC_WARN_64_TO_32_BIT_CONVERSION = YES;
				GCC_WARN_ABOUT_RETURN_TYPE = YES_ERROR;
				GCC_WARN_UNDECLARED_SELECTOR = YES;
				GCC_WARN_UNINITIALIZED_AUTOS = YES_AGGRESSIVE;
				GCC_WARN_UNUSED_FUNCTION = YES;
				GCC_WARN_UNUSED_VARIABLE = YES;
				IPHONEOS_DEPLOYMENT_TARGET = 13.2;
				MTL_ENABLE_DEBUG_INFO = NO;
				MTL_FAST_MATH = YES;
				SDKROOT = iphoneos;
				SWIFT_COMPILATION_MODE = wholemodule;
				SWIFT_OPTIMIZATION_LEVEL = "-O";
				VALIDATE_PRODUCT = YES;
			};
			name = Release;
		};
		68E7D31325A55B8400FD7A14 /* Debug */ = {
			isa = XCBuildConfiguration;
			buildSettings = {
				ASSETCATALOG_COMPILER_APPICON_NAME = AppIcon;
				CODE_SIGN_STYLE = Automatic;
				DEVELOPMENT_ASSET_PATHS = "\"Flashzilla/Preview Content\"";
				DEVELOPMENT_TEAM = FDSUM2GRTB;
				ENABLE_PREVIEWS = YES;
				INFOPLIST_FILE = Flashzilla/Info.plist;
				LD_RUNPATH_SEARCH_PATHS = (
					"$(inherited)",
					"@executable_path/Frameworks",
				);
				PRODUCT_BUNDLE_IDENTIFIER = com.tajwar.Flashzilla;
				PRODUCT_NAME = "$(TARGET_NAME)";
				SWIFT_VERSION = 5.0;
				TARGETED_DEVICE_FAMILY = "1,2";
			};
			name = Debug;
		};
		68E7D31425A55B8400FD7A14 /* Release */ = {
			isa = XCBuildConfiguration;
			buildSettings = {
				ASSETCATALOG_COMPILER_APPICON_NAME = AppIcon;
				CODE_SIGN_STYLE = Automatic;
				DEVELOPMENT_ASSET_PATHS = "\"Flashzilla/Preview Content\"";
				DEVELOPMENT_TEAM = FDSUM2GRTB;
				ENABLE_PREVIEWS = YES;
				INFOPLIST_FILE = Flashzilla/Info.plist;
				LD_RUNPATH_SEARCH_PATHS = (
					"$(inherited)",
					"@executable_path/Frameworks",
				);
				PRODUCT_BUNDLE_IDENTIFIER = com.tajwar.Flashzilla;
				PRODUCT_NAME = "$(TARGET_NAME)";
				SWIFT_VERSION = 5.0;
				TARGETED_DEVICE_FAMILY = "1,2";
			};
			name = Release;
		};
/* End XCBuildConfiguration section */

/* Begin XCConfigurationList section */
		68E7D2F925A55B8200FD7A14 /* Build configuration list for PBXProject "Flashzilla" */ = {
			isa = XCConfigurationList;
			buildConfigurations = (
				68E7D31025A55B8400FD7A14 /* Debug */,
				68E7D31125A55B8400FD7A14 /* Release */,
			);
			defaultConfigurationIsVisible = 0;
			defaultConfigurationName = Release;
		};
		68E7D31225A55B8400FD7A14 /* Build configuration list for PBXNativeTarget "Flashzilla" */ = {
			isa = XCConfigurationList;
			buildConfigurations = (
				68E7D31325A55B8400FD7A14 /* Debug */,
				68E7D31425A55B8400FD7A14 /* Release */,
			);
			defaultConfigurationIsVisible = 0;
			defaultConfigurationName = Release;
		};
/* End XCConfigurationList section */
	};
	rootObject = 68E7D2F625A55B8200FD7A14 /* Project object */;
}
