// !$*UTF8*$!
{
	archiveVersion = 1;
	classes = {
	};
	objectVersion = 50;
	objects = {

/* Begin PBXBuildFile section */
		6891C8FE259ECC9F00EB44F0 /* AppDelegate.swift in Sources */ = {isa = PBXBuildFile; fileRef = 6891C8FD259ECC9F00EB44F0 /* AppDelegate.swift */; };
		6891C900259ECC9F00EB44F0 /* SceneDelegate.swift in Sources */ = {isa = PBXBuildFile; fileRef = 6891C8FF259ECC9F00EB44F0 /* SceneDelegate.swift */; };
		6891C903259ECC9F00EB44F0 /* Bookworm.xcdatamodeld in Sources */ = {isa = PBXBuildFile; fileRef = 6891C901259ECC9F00EB44F0 /* Bookworm.xcdatamodeld */; };
		6891C905259ECC9F00EB44F0 /* ContentView.swift in Sources */ = {isa = PBXBuildFile; fileRef = 6891C904259ECC9F00EB44F0 /* ContentView.swift */; };
		6891C907259ECCA700EB44F0 /* Assets.xcassets in Resources */ = {isa = PBXBuildFile; fileRef = 6891C906259ECCA700EB44F0 /* Assets.xcassets */; };
		6891C90A259ECCA700EB44F0 /* Preview Assets.xcassets in Resources */ = {isa = PBXBuildFile; fileRef = 6891C909259ECCA700EB44F0 /* Preview Assets.xcassets */; };
		6891C90D259ECCA700EB44F0 /* LaunchScreen.storyboard in Resources */ = {isa = PBXBuildFile; fileRef = 6891C90B259ECCA700EB44F0 /* LaunchScreen.storyboard */; };
		6891C915259ED74D00EB44F0 /* AddBookView.swift in Sources */ = {isa = PBXBuildFile; fileRef = 6891C914259ED74D00EB44F0 /* AddBookView.swift */; };
		6891C917259EDE9E00EB44F0 /* RatingView.swift in Sources */ = {isa = PBXBuildFile; fileRef = 6891C916259EDE9E00EB44F0 /* RatingView.swift */; };
		6891C919259EE0B800EB44F0 /* EmojiRatingView.swift in Sources */ = {isa = PBXBuildFile; fileRef = 6891C918259EE0B800EB44F0 /* EmojiRatingView.swift */; };
/* End PBXBuildFile section */

/* Begin PBXFileReference section */
		6891C8FA259ECC9F00EB44F0 /* Bookworm.app */ = {isa = PBXFileReference; explicitFileType = wrapper.application; includeInIndex = 0; path = Bookworm.app; sourceTree = BUILT_PRODUCTS_DIR; };
		6891C8FD259ECC9F00EB44F0 /* AppDelegate.swift */ = {isa = PBXFileReference; lastKnownFileType = sourcecode.swift; path = AppDelegate.swift; sourceTree = "<group>"; };
		6891C8FF259ECC9F00EB44F0 /* SceneDelegate.swift */ = {isa = PBXFileReference; lastKnownFileType = sourcecode.swift; path = SceneDelegate.swift; sourceTree = "<group>"; };
		6891C902259ECC9F00EB44F0 /* Bookworm.xcdatamodel */ = {isa = PBXFileReference; lastKnownFileType = wrapper.xcdatamodel; path = Bookworm.xcdatamodel; sourceTree = "<group>"; };
		6891C904259ECC9F00EB44F0 /* ContentView.swift */ = {isa = PBXFileReference; lastKnownFileType = sourcecode.swift; path = ContentView.swift; sourceTree = "<group>"; };
		6891C906259ECCA700EB44F0 /* Assets.xcassets */ = {isa = PBXFileReference; lastKnownFileType = folder.assetcatalog; path = Assets.xcassets; sourceTree = "<group>"; };
		6891C909259ECCA700EB44F0 /* Preview Assets.xcassets */ = {isa = PBXFileReference; lastKnownFileType = folder.assetcatalog; path = "Preview Assets.xcassets"; sourceTree = "<group>"; };
		6891C90C259ECCA700EB44F0 /* Base */ = {isa = PBXFileReference; lastKnownFileType = file.storyboard; name = Base; path = Base.lproj/LaunchScreen.storyboard; sourceTree = "<group>"; };
		6891C90E259ECCA700EB44F0 /* Info.plist */ = {isa = PBXFileReference; lastKnownFileType = text.plist.xml; path = Info.plist; sourceTree = "<group>"; };
		6891C914259ED74D00EB44F0 /* AddBookView.swift */ = {isa = PBXFileReference; lastKnownFileType = sourcecode.swift; path = AddBookView.swift; sourceTree = "<group>"; };
		6891C916259EDE9E00EB44F0 /* RatingView.swift */ = {isa = PBXFileReference; lastKnownFileType = sourcecode.swift; path = RatingView.swift; sourceTree = "<group>"; };
		6891C918259EE0B800EB44F0 /* EmojiRatingView.swift */ = {isa = PBXFileReference; lastKnownFileType = sourcecode.swift; path = EmojiRatingView.swift; sourceTree = "<group>"; };
/* End PBXFileReference section */

/* Begin PBXFrameworksBuildPhase section */
		6891C8F7259ECC9F00EB44F0 /* Frameworks */ = {
			isa = PBXFrameworksBuildPhase;
			buildActionMask = 2147483647;
			files = (
			);
			runOnlyForDeploymentPostprocessing = 0;
		};
/* End PBXFrameworksBuildPhase section */

/* Begin PBXGroup section */
		6891C8F1259ECC9F00EB44F0 = {
			isa = PBXGroup;
			children = (
				6891C8FC259ECC9F00EB44F0 /* Bookworm */,
				6891C8FB259ECC9F00EB44F0 /* Products */,
			);
			sourceTree = "<group>";
		};
		6891C8FB259ECC9F00EB44F0 /* Products */ = {
			isa = PBXGroup;
			children = (
				6891C8FA259ECC9F00EB44F0 /* Bookworm.app */,
			);
			name = Products;
			sourceTree = "<group>";
		};
		6891C8FC259ECC9F00EB44F0 /* Bookworm */ = {
			isa = PBXGroup;
			children = (
				6891C8FD259ECC9F00EB44F0 /* AppDelegate.swift */,
				6891C8FF259ECC9F00EB44F0 /* SceneDelegate.swift */,
				6891C904259ECC9F00EB44F0 /* ContentView.swift */,
				6891C906259ECCA700EB44F0 /* Assets.xcassets */,
				6891C90B259ECCA700EB44F0 /* LaunchScreen.storyboard */,
				6891C90E259ECCA700EB44F0 /* Info.plist */,
				6891C901259ECC9F00EB44F0 /* Bookworm.xcdatamodeld */,
				6891C914259ED74D00EB44F0 /* AddBookView.swift */,
				6891C916259EDE9E00EB44F0 /* RatingView.swift */,
				6891C918259EE0B800EB44F0 /* EmojiRatingView.swift */,
				6891C908259ECCA700EB44F0 /* Preview Content */,
			);
			path = Bookworm;
			sourceTree = "<group>";
		};
		6891C908259ECCA700EB44F0 /* Preview Content */ = {
			isa = PBXGroup;
			children = (
				6891C909259ECCA700EB44F0 /* Preview Assets.xcassets */,
			);
			path = "Preview Content";
			sourceTree = "<group>";
		};
/* End PBXGroup section */

/* Begin PBXNativeTarget section */
		6891C8F9259ECC9F00EB44F0 /* Bookworm */ = {
			isa = PBXNativeTarget;
			buildConfigurationList = 6891C911259ECCA700EB44F0 /* Build configuration list for PBXNativeTarget "Bookworm" */;
			buildPhases = (
				6891C8F6259ECC9F00EB44F0 /* Sources */,
				6891C8F7259ECC9F00EB44F0 /* Frameworks */,
				6891C8F8259ECC9F00EB44F0 /* Resources */,
			);
			buildRules = (
			);
			dependencies = (
			);
			name = Bookworm;
			productName = Bookworm;
			productReference = 6891C8FA259ECC9F00EB44F0 /* Bookworm.app */;
			productType = "com.apple.product-type.application";
		};
/* End PBXNativeTarget section */

/* Begin PBXProject section */
		6891C8F2259ECC9F00EB44F0 /* Project object */ = {
			isa = PBXProject;
			attributes = {
				LastSwiftUpdateCheck = 1130;
				LastUpgradeCheck = 1130;
				ORGANIZATIONNAME = "Tajwar Rahman";
				TargetAttributes = {
					6891C8F9259ECC9F00EB44F0 = {
						CreatedOnToolsVersion = 11.3;
					};
				};
			};
			buildConfigurationList = 6891C8F5259ECC9F00EB44F0 /* Build configuration list for PBXProject "Bookworm" */;
			compatibilityVersion = "Xcode 9.3";
			developmentRegion = en;
			hasScannedForEncodings = 0;
			knownRegions = (
				en,
				Base,
			);
			mainGroup = 6891C8F1259ECC9F00EB44F0;
			productRefGroup = 6891C8FB259ECC9F00EB44F0 /* Products */;
			projectDirPath = "";
			projectRoot = "";
			targets = (
				6891C8F9259ECC9F00EB44F0 /* Bookworm */,
			);
		};
/* End PBXProject section */

/* Begin PBXResourcesBuildPhase section */
		6891C8F8259ECC9F00EB44F0 /* Resources */ = {
			isa = PBXResourcesBuildPhase;
			buildActionMask = 2147483647;
			files = (
				6891C90D259ECCA700EB44F0 /* LaunchScreen.storyboard in Resources */,
				6891C90A259ECCA700EB44F0 /* Preview Assets.xcassets in Resources */,
				6891C907259ECCA700EB44F0 /* Assets.xcassets in Resources */,
			);
			runOnlyForDeploymentPostprocessing = 0;
		};
/* End PBXResourcesBuildPhase section */

/* Begin PBXSourcesBuildPhase section */
		6891C8F6259ECC9F00EB44F0 /* Sources */ = {
			isa = PBXSourcesBuildPhase;
			buildActionMask = 2147483647;
			files = (
				6891C8FE259ECC9F00EB44F0 /* AppDelegate.swift in Sources */,
				6891C903259ECC9F00EB44F0 /* Bookworm.xcdatamodeld in Sources */,
				6891C919259EE0B800EB44F0 /* EmojiRatingView.swift in Sources */,
				6891C905259ECC9F00EB44F0 /* ContentView.swift in Sources */,
				6891C917259EDE9E00EB44F0 /* RatingView.swift in Sources */,
				6891C900259ECC9F00EB44F0 /* SceneDelegate.swift in Sources */,
				6891C915259ED74D00EB44F0 /* AddBookView.swift in Sources */,
			);
			runOnlyForDeploymentPostprocessing = 0;
		};
/* End PBXSourcesBuildPhase section */

/* Begin PBXVariantGroup section */
		6891C90B259ECCA700EB44F0 /* LaunchScreen.storyboard */ = {
			isa = PBXVariantGroup;
			children = (
				6891C90C259ECCA700EB44F0 /* Base */,
			);
			name = LaunchScreen.storyboard;
			sourceTree = "<group>";
		};
/* End PBXVariantGroup section */

/* Begin XCBuildConfiguration section */
		6891C90F259ECCA700EB44F0 /* Debug */ = {
			isa = XCBuildConfiguration;
			buildSettings = {
				ALWAYS_SEARCH_USER_PATHS = NO;
				CLANG_ANALYZER_NONNULL = YES;
				CLANG_ANALYZER_NUMBER_OBJECT_CONVERSION = YES_AGGRESSIVE;
				CLANG_CXX_LANGUAGE_STANDARD = "gnu++14";
				CLANG_CXX_LIBRARY = "libc++";
				CLANG_ENABLE_MODULES = YES;
				CLANG_ENABLE_OBJC_ARC = YES;
				CLANG_ENABLE_OBJC_WEAK = YES;
				CLANG_WARN_BLOCK_CAPTURE_AUTORELEASING = YES;
				CLANG_WARN_BOOL_CONVERSION = YES;
				CLANG_WARN_COMMA = YES;
				CLANG_WARN_CONSTANT_CONVERSION = YES;
				CLANG_WARN_DEPRECATED_OBJC_IMPLEMENTATIONS = YES;
				CLANG_WARN_DIRECT_OBJC_ISA_USAGE = YES_ERROR;
				CLANG_WARN_DOCUMENTATION_COMMENTS = YES;
				CLANG_WARN_EMPTY_BODY = YES;
				CLANG_WARN_ENUM_CONVERSION = YES;
				CLANG_WARN_INFINITE_RECURSION = YES;
				CLANG_WARN_INT_CONVERSION = YES;
				CLANG_WARN_NON_LITERAL_NULL_CONVERSION = YES;
				CLANG_WARN_OBJC_IMPLICIT_RETAIN_SELF = YES;
				CLANG_WARN_OBJC_LITERAL_CONVERSION = YES;
				CLANG_WARN_OBJC_ROOT_CLASS = YES_ERROR;
				CLANG_WARN_RANGE_LOOP_ANALYSIS = YES;
				CLANG_WARN_STRICT_PROTOTYPES = YES;
				CLANG_WARN_SUSPICIOUS_MOVE = YES;
				CLANG_WARN_UNGUARDED_AVAILABILITY = YES_AGGRESSIVE;
				CLANG_WARN_UNREACHABLE_CODE = YES;
				CLANG_WARN__DUPLICATE_METHOD_MATCH = YES;
				COPY_PHASE_STRIP = NO;
				DEBUG_INFORMATION_FORMAT = dwarf;
				ENABLE_STRICT_OBJC_MSGSEND = YES;
				ENABLE_TESTABILITY = YES;
				GCC_C_LANGUAGE_STANDARD = gnu11;
				GCC_DYNAMIC_NO_PIC = NO;
				GCC_NO_COMMON_BLOCKS = YES;
				GCC_OPTIMIZATION_LEVEL = 0;
				GCC_PREPROCESSOR_DEFINITIONS = (
					"DEBUG=1",
					"$(inherited)",
				);
				GCC_WARN_64_TO_32_BIT_CONVERSION = YES;
				GCC_WARN_ABOUT_RETURN_TYPE = YES_ERROR;
				GCC_WARN_UNDECLARED_SELECTOR = YES;
				GCC_WARN_UNINITIALIZED_AUTOS = YES_AGGRESSIVE;
				GCC_WARN_UNUSED_FUNCTION = YES;
				GCC_WARN_UNUSED_VARIABLE = YES;
				IPHONEOS_DEPLOYMENT_TARGET = 13.2;
				MTL_ENABLE_DEBUG_INFO = INCLUDE_SOURCE;
				MTL_FAST_MATH = YES;
				ONLY_ACTIVE_ARCH = YES;
				SDKROOT = iphoneos;
				SWIFT_ACTIVE_COMPILATION_CONDITIONS = DEBUG;
				SWIFT_OPTIMIZATION_LEVEL = "-Onone";
			};
			name = Debug;
		};
		6891C910259ECCA700EB44F0 /* Release */ = {
			isa = XCBuildConfiguration;
			buildSettings = {
				ALWAYS_SEARCH_USER_PATHS = NO;
				CLANG_ANALYZER_NONNULL = YES;
				CLANG_ANALYZER_NUMBER_OBJECT_CONVERSION = YES_AGGRESSIVE;
				CLANG_CXX_LANGUAGE_STANDARD = "gnu++14";
				CLANG_CXX_LIBRARY = "libc++";
				CLANG_ENABLE_MODULES = YES;
				CLANG_ENABLE_OBJC_ARC = YES;
				CLANG_ENABLE_OBJC_WEAK = YES;
				CLANG_WARN_BLOCK_CAPTURE_AUTORELEASING = YES;
				CLANG_WARN_BOOL_CONVERSION = YES;
				CLANG_WARN_COMMA = YES;
				CLANG_WARN_CONSTANT_CONVERSION = YES;
				CLANG_WARN_DEPRECATED_OBJC_IMPLEMENTATIONS = YES;
				CLANG_WARN_DIRECT_OBJC_ISA_USAGE = YES_ERROR;
				CLANG_WARN_DOCUMENTATION_COMMENTS = YES;
				CLANG_WARN_EMPTY_BODY = YES;
				CLANG_WARN_ENUM_CONVERSION = YES;
				CLANG_WARN_INFINITE_RECURSION = YES;
				CLANG_WARN_INT_CONVERSION = YES;
				CLANG_WARN_NON_LITERAL_NULL_CONVERSION = YES;
				CLANG_WARN_OBJC_IMPLICIT_RETAIN_SELF = YES;
				CLANG_WARN_OBJC_LITERAL_CONVERSION = YES;
				CLANG_WARN_OBJC_ROOT_CLASS = YES_ERROR;
				CLANG_WARN_RANGE_LOOP_ANALYSIS = YES;
				CLANG_WARN_STRICT_PROTOTYPES = YES;
				CLANG_WARN_SUSPICIOUS_MOVE = YES;
				CLANG_WARN_UNGUARDED_AVAILABILITY = YES_AGGRESSIVE;
				CLANG_WARN_UNREACHABLE_CODE = YES;
				CLANG_WARN__DUPLICATE_METHOD_MATCH = YES;
				COPY_PHASE_STRIP = NO;
				DEBUG_INFORMATION_FORMAT = "dwarf-with-dsym";
				ENABLE_NS_ASSERTIONS = NO;
				ENABLE_STRICT_OBJC_MSGSEND = YES;
				GCC_C_LANGUAGE_STANDARD = gnu11;
				GCC_NO_COMMON_BLOCKS = YES;
				GCC_WARN_64_TO_32_BIT_CONVERSION = YES;
				GCC_WARN_ABOUT_RETURN_TYPE = YES_ERROR;
				GCC_WARN_UNDECLARED_SELECTOR = YES;
				GCC_WARN_UNINITIALIZED_AUTOS = YES_AGGRESSIVE;
				GCC_WARN_UNUSED_FUNCTION = YES;
				GCC_WARN_UNUSED_VARIABLE = YES;
				IPHONEOS_DEPLOYMENT_TARGET = 13.2;
				MTL_ENABLE_DEBUG_INFO = NO;
				MTL_FAST_MATH = YES;
				SDKROOT = iphoneos;
				SWIFT_COMPILATION_MODE = wholemodule;
				SWIFT_OPTIMIZATION_LEVEL = "-O";
				VALIDATE_PRODUCT = YES;
			};
			name = Release;
		};
		6891C912259ECCA700EB44F0 /* Debug */ = {
			isa = XCBuildConfiguration;
			buildSettings = {
				ASSETCATALOG_COMPILER_APPICON_NAME = AppIcon;
				CODE_SIGN_STYLE = Automatic;
				DEVELOPMENT_ASSET_PATHS = "\"Bookworm/Preview Content\"";
				DEVELOPMENT_TEAM = FDSUM2GRTB;
				ENABLE_PREVIEWS = YES;
				INFOPLIST_FILE = Bookworm/Info.plist;
				LD_RUNPATH_SEARCH_PATHS = (
					"$(inherited)",
					"@executable_path/Frameworks",
				);
				PRODUCT_BUNDLE_IDENTIFIER = com.tajwar.Bookworm;
				PRODUCT_NAME = "$(TARGET_NAME)";
				SWIFT_VERSION = 5.0;
				TARGETED_DEVICE_FAMILY = "1,2";
			};
			name = Debug;
		};
		6891C913259ECCA700EB44F0 /* Release */ = {
			isa = XCBuildConfiguration;
			buildSettings = {
				ASSETCATALOG_COMPILER_APPICON_NAME = AppIcon;
				CODE_SIGN_STYLE = Automatic;
				DEVELOPMENT_ASSET_PATHS = "\"Bookworm/Preview Content\"";
				DEVELOPMENT_TEAM = FDSUM2GRTB;
				ENABLE_PREVIEWS = YES;
				INFOPLIST_FILE = Bookworm/Info.plist;
				LD_RUNPATH_SEARCH_PATHS = (
					"$(inherited)",
					"@executable_path/Frameworks",
				);
				PRODUCT_BUNDLE_IDENTIFIER = com.tajwar.Bookworm;
				PRODUCT_NAME = "$(TARGET_NAME)";
				SWIFT_VERSION = 5.0;
				TARGETED_DEVICE_FAMILY = "1,2";
			};
			name = Release;
		};
/* End XCBuildConfiguration section */

/* Begin XCConfigurationList section */
		6891C8F5259ECC9F00EB44F0 /* Build configuration list for PBXProject "Bookworm" */ = {
			isa = XCConfigurationList;
			buildConfigurations = (
				6891C90F259ECCA700EB44F0 /* Debug */,
				6891C910259ECCA700EB44F0 /* Release */,
			);
			defaultConfigurationIsVisible = 0;
			defaultConfigurationName = Release;
		};
		6891C911259ECCA700EB44F0 /* Build configuration list for PBXNativeTarget "Bookworm" */ = {
			isa = XCConfigurationList;
			buildConfigurations = (
				6891C912259ECCA700EB44F0 /* Debug */,
				6891C913259ECCA700EB44F0 /* Release */,
			);
			defaultConfigurationIsVisible = 0;
			defaultConfigurationName = Release;
		};
/* End XCConfigurationList section */

/* Begin XCVersionGroup section */
		6891C901259ECC9F00EB44F0 /* Bookworm.xcdatamodeld */ = {
			isa = XCVersionGroup;
			children = (
				6891C902259ECC9F00EB44F0 /* Bookworm.xcdatamodel */,
			);
			currentVersion = 6891C902259ECC9F00EB44F0 /* Bookworm.xcdatamodel */;
			path = Bookworm.xcdatamodeld;
			sourceTree = "<group>";
			versionGroupType = wrapper.xcdatamodel;
		};
/* End XCVersionGroup section */
	};
	rootObject = 6891C8F2259ECC9F00EB44F0 /* Project object */;
}
