// !$*UTF8*$!
{
	archiveVersion = 1;
	classes = {
	};
	objectVersion = 50;
	objects = {

/* Begin PBXBuildFile section */
		688BD81E259F8CE9002E81D8 /* AppDelegate.swift in Sources */ = {isa = PBXBuildFile; fileRef = 688BD81D259F8CE9002E81D8 /* AppDelegate.swift */; };
		688BD820259F8CE9002E81D8 /* SceneDelegate.swift in Sources */ = {isa = PBXBuildFile; fileRef = 688BD81F259F8CE9002E81D8 /* SceneDelegate.swift */; };
		688BD823259F8CE9002E81D8 /* CoreDataProject.xcdatamodeld in Sources */ = {isa = PBXBuildFile; fileRef = 688BD821259F8CE9002E81D8 /* CoreDataProject.xcdatamodeld */; };
		688BD825259F8CE9002E81D8 /* ContentView.swift in Sources */ = {isa = PBXBuildFile; fileRef = 688BD824259F8CE9002E81D8 /* ContentView.swift */; };
		688BD827259F8CF2002E81D8 /* Assets.xcassets in Resources */ = {isa = PBXBuildFile; fileRef = 688BD826259F8CF2002E81D8 /* Assets.xcassets */; };
		688BD82A259F8CF2002E81D8 /* Preview Assets.xcassets in Resources */ = {isa = PBXBuildFile; fileRef = 688BD829259F8CF2002E81D8 /* Preview Assets.xcassets */; };
		688BD82D259F8CF2002E81D8 /* LaunchScreen.storyboard in Resources */ = {isa = PBXBuildFile; fileRef = 688BD82B259F8CF2002E81D8 /* LaunchScreen.storyboard */; };
		688BD836259F936B002E81D8 /* Movie+CoreDataClass.swift in Sources */ = {isa = PBXBuildFile; fileRef = 688BD834259F936B002E81D8 /* Movie+CoreDataClass.swift */; };
		688BD837259F936B002E81D8 /* Movie+CoreDataProperties.swift in Sources */ = {isa = PBXBuildFile; fileRef = 688BD835259F936B002E81D8 /* Movie+CoreDataProperties.swift */; };
		68BDE1EF259FD33B005EF49C /* Singer+CoreDataClass.swift in Sources */ = {isa = PBXBuildFile; fileRef = 68BDE1ED259FD33B005EF49C /* Singer+CoreDataClass.swift */; };
		68BDE1F0259FD33B005EF49C /* Singer+CoreDataProperties.swift in Sources */ = {isa = PBXBuildFile; fileRef = 68BDE1EE259FD33B005EF49C /* Singer+CoreDataProperties.swift */; };
		68BDE1F2259FD595005EF49C /* FilteredList.swift in Sources */ = {isa = PBXBuildFile; fileRef = 68BDE1F1259FD595005EF49C /* FilteredList.swift */; };
/* End PBXBuildFile section */

/* Begin PBXFileReference section */
		688BD81A259F8CE8002E81D8 /* CoreDataProject.app */ = {isa = PBXFileReference; explicitFileType = wrapper.application; includeInIndex = 0; path = CoreDataProject.app; sourceTree = BUILT_PRODUCTS_DIR; };
		688BD81D259F8CE9002E81D8 /* AppDelegate.swift */ = {isa = PBXFileReference; lastKnownFileType = sourcecode.swift; path = AppDelegate.swift; sourceTree = "<group>"; };
		688BD81F259F8CE9002E81D8 /* SceneDelegate.swift */ = {isa = PBXFileReference; lastKnownFileType = sourcecode.swift; path = SceneDelegate.swift; sourceTree = "<group>"; };
		688BD822259F8CE9002E81D8 /* CoreDataProject.xcdatamodel */ = {isa = PBXFileReference; lastKnownFileType = wrapper.xcdatamodel; path = CoreDataProject.xcdatamodel; sourceTree = "<group>"; };
		688BD824259F8CE9002E81D8 /* ContentView.swift */ = {isa = PBXFileReference; lastKnownFileType = sourcecode.swift; path = ContentView.swift; sourceTree = "<group>"; };
		688BD826259F8CF2002E81D8 /* Assets.xcassets */ = {isa = PBXFileReference; lastKnownFileType = folder.assetcatalog; path = Assets.xcassets; sourceTree = "<group>"; };
		688BD829259F8CF2002E81D8 /* Preview Assets.xcassets */ = {isa = PBXFileReference; lastKnownFileType = folder.assetcatalog; path = "Preview Assets.xcassets"; sourceTree = "<group>"; };
		688BD82C259F8CF2002E81D8 /* Base */ = {isa = PBXFileReference; lastKnownFileType = file.storyboard; name = Base; path = Base.lproj/LaunchScreen.storyboard; sourceTree = "<group>"; };
		688BD82E259F8CF2002E81D8 /* Info.plist */ = {isa = PBXFileReference; lastKnownFileType = text.plist.xml; path = Info.plist; sourceTree = "<group>"; };
		688BD834259F936B002E81D8 /* Movie+CoreDataClass.swift */ = {isa = PBXFileReference; lastKnownFileType = sourcecode.swift; path = "Movie+CoreDataClass.swift"; sourceTree = "<group>"; };
		688BD835259F936B002E81D8 /* Movie+CoreDataProperties.swift */ = {isa = PBXFileReference; lastKnownFileType = sourcecode.swift; path = "Movie+CoreDataProperties.swift"; sourceTree = "<group>"; };
		68BDE1ED259FD33B005EF49C /* Singer+CoreDataClass.swift */ = {isa = PBXFileReference; lastKnownFileType = sourcecode.swift; path = "Singer+CoreDataClass.swift"; sourceTree = "<group>"; };
		68BDE1EE259FD33B005EF49C /* Singer+CoreDataProperties.swift */ = {isa = PBXFileReference; lastKnownFileType = sourcecode.swift; path = "Singer+CoreDataProperties.swift"; sourceTree = "<group>"; };
		68BDE1F1259FD595005EF49C /* FilteredList.swift */ = {isa = PBXFileReference; lastKnownFileType = sourcecode.swift; path = FilteredList.swift; sourceTree = "<group>"; };
/* End PBXFileReference section */

/* Begin PBXFrameworksBuildPhase section */
		688BD817259F8CE8002E81D8 /* Frameworks */ = {
			isa = PBXFrameworksBuildPhase;
			buildActionMask = 2147483647;
			files = (
			);
			runOnlyForDeploymentPostprocessing = 0;
		};
/* End PBXFrameworksBuildPhase section */

/* Begin PBXGroup section */
		688BD811259F8CE8002E81D8 = {
			isa = PBXGroup;
			children = (
				688BD81C259F8CE8002E81D8 /* CoreDataProject */,
				688BD81B259F8CE8002E81D8 /* Products */,
			);
			sourceTree = "<group>";
		};
		688BD81B259F8CE8002E81D8 /* Products */ = {
			isa = PBXGroup;
			children = (
				688BD81A259F8CE8002E81D8 /* CoreDataProject.app */,
			);
			name = Products;
			sourceTree = "<group>";
		};
		688BD81C259F8CE8002E81D8 /* CoreDataProject */ = {
			isa = PBXGroup;
			children = (
				68BDE1ED259FD33B005EF49C /* Singer+CoreDataClass.swift */,
				68BDE1EE259FD33B005EF49C /* Singer+CoreDataProperties.swift */,
				68BDE1F1259FD595005EF49C /* FilteredList.swift */,
				688BD834259F936B002E81D8 /* Movie+CoreDataClass.swift */,
				688BD835259F936B002E81D8 /* Movie+CoreDataProperties.swift */,
				688BD81D259F8CE9002E81D8 /* AppDelegate.swift */,
				688BD81F259F8CE9002E81D8 /* SceneDelegate.swift */,
				688BD824259F8CE9002E81D8 /* ContentView.swift */,
				688BD826259F8CF2002E81D8 /* Assets.xcassets */,
				688BD82B259F8CF2002E81D8 /* LaunchScreen.storyboard */,
				688BD82E259F8CF2002E81D8 /* Info.plist */,
				688BD821259F8CE9002E81D8 /* CoreDataProject.xcdatamodeld */,
				688BD828259F8CF2002E81D8 /* Preview Content */,
			);
			path = CoreDataProject;
			sourceTree = "<group>";
		};
		688BD828259F8CF2002E81D8 /* Preview Content */ = {
			isa = PBXGroup;
			children = (
				688BD829259F8CF2002E81D8 /* Preview Assets.xcassets */,
			);
			path = "Preview Content";
			sourceTree = "<group>";
		};
/* End PBXGroup section */

/* Begin PBXNativeTarget section */
		688BD819259F8CE8002E81D8 /* CoreDataProject */ = {
			isa = PBXNativeTarget;
			buildConfigurationList = 688BD831259F8CF2002E81D8 /* Build configuration list for PBXNativeTarget "CoreDataProject" */;
			buildPhases = (
				688BD816259F8CE8002E81D8 /* Sources */,
				688BD817259F8CE8002E81D8 /* Frameworks */,
				688BD818259F8CE8002E81D8 /* Resources */,
			);
			buildRules = (
			);
			dependencies = (
			);
			name = CoreDataProject;
			productName = CoreDataProject;
			productReference = 688BD81A259F8CE8002E81D8 /* CoreDataProject.app */;
			productType = "com.apple.product-type.application";
		};
/* End PBXNativeTarget section */

/* Begin PBXProject section */
		688BD812259F8CE8002E81D8 /* Project object */ = {
			isa = PBXProject;
			attributes = {
				LastSwiftUpdateCheck = 1130;
				LastUpgradeCheck = 1130;
				ORGANIZATIONNAME = "Tajwar Rahman";
				TargetAttributes = {
					688BD819259F8CE8002E81D8 = {
						CreatedOnToolsVersion = 11.3;
					};
				};
			};
			buildConfigurationList = 688BD815259F8CE8002E81D8 /* Build configuration list for PBXProject "CoreDataProject" */;
			compatibilityVersion = "Xcode 9.3";
			developmentRegion = en;
			hasScannedForEncodings = 0;
			knownRegions = (
				en,
				Base,
			);
			mainGroup = 688BD811259F8CE8002E81D8;
			productRefGroup = 688BD81B259F8CE8002E81D8 /* Products */;
			projectDirPath = "";
			projectRoot = "";
			targets = (
				688BD819259F8CE8002E81D8 /* CoreDataProject */,
			);
		};
/* End PBXProject section */

/* Begin PBXResourcesBuildPhase section */
		688BD818259F8CE8002E81D8 /* Resources */ = {
			isa = PBXResourcesBuildPhase;
			buildActionMask = 2147483647;
			files = (
				688BD82D259F8CF2002E81D8 /* LaunchScreen.storyboard in Resources */,
				688BD82A259F8CF2002E81D8 /* Preview Assets.xcassets in Resources */,
				688BD827259F8CF2002E81D8 /* Assets.xcassets in Resources */,
			);
			runOnlyForDeploymentPostprocessing = 0;
		};
/* End PBXResourcesBuildPhase section */

/* Begin PBXSourcesBuildPhase section */
		688BD816259F8CE8002E81D8 /* Sources */ = {
			isa = PBXSourcesBuildPhase;
			buildActionMask = 2147483647;
			files = (
				68BDE1EF259FD33B005EF49C /* Singer+CoreDataClass.swift in Sources */,
				688BD81E259F8CE9002E81D8 /* AppDelegate.swift in Sources */,
				68BDE1F2259FD595005EF49C /* FilteredList.swift in Sources */,
				688BD820259F8CE9002E81D8 /* SceneDelegate.swift in Sources */,
				688BD825259F8CE9002E81D8 /* ContentView.swift in Sources */,
				688BD836259F936B002E81D8 /* Movie+CoreDataClass.swift in Sources */,
				68BDE1F0259FD33B005EF49C /* Singer+CoreDataProperties.swift in Sources */,
				688BD837259F936B002E81D8 /* Movie+CoreDataProperties.swift in Sources */,
				688BD823259F8CE9002E81D8 /* CoreDataProject.xcdatamodeld in Sources */,
			);
			runOnlyForDeploymentPostprocessing = 0;
		};
/* End PBXSourcesBuildPhase section */

/* Begin PBXVariantGroup section */
		688BD82B259F8CF2002E81D8 /* LaunchScreen.storyboard */ = {
			isa = PBXVariantGroup;
			children = (
				688BD82C259F8CF2002E81D8 /* Base */,
			);
			name = LaunchScreen.storyboard;
			sourceTree = "<group>";
		};
/* End PBXVariantGroup section */

/* Begin XCBuildConfiguration section */
		688BD82F259F8CF2002E81D8 /* Debug */ = {
			isa = XCBuildConfiguration;
			buildSettings = {
				ALWAYS_SEARCH_USER_PATHS = NO;
				CLANG_ANALYZER_NONNULL = YES;
				CLANG_ANALYZER_NUMBER_OBJECT_CONVERSION = YES_AGGRESSIVE;
				CLANG_CXX_LANGUAGE_STANDARD = "gnu++14";
				CLANG_CXX_LIBRARY = "libc++";
				CLANG_ENABLE_MODULES = YES;
				CLANG_ENABLE_OBJC_ARC = YES;
				CLANG_ENABLE_OBJC_WEAK = YES;
				CLANG_WARN_BLOCK_CAPTURE_AUTORELEASING = YES;
				CLANG_WARN_BOOL_CONVERSION = YES;
				CLANG_WARN_COMMA = YES;
				CLANG_WARN_CONSTANT_CONVERSION = YES;
				CLANG_WARN_DEPRECATED_OBJC_IMPLEMENTATIONS = YES;
				CLANG_WARN_DIRECT_OBJC_ISA_USAGE = YES_ERROR;
				CLANG_WARN_DOCUMENTATION_COMMENTS = YES;
				CLANG_WARN_EMPTY_BODY = YES;
				CLANG_WARN_ENUM_CONVERSION = YES;
				CLANG_WARN_INFINITE_RECURSION = YES;
				CLANG_WARN_INT_CONVERSION = YES;
				CLANG_WARN_NON_LITERAL_NULL_CONVERSION = YES;
				CLANG_WARN_OBJC_IMPLICIT_RETAIN_SELF = YES;
				CLANG_WARN_OBJC_LITERAL_CONVERSION = YES;
				CLANG_WARN_OBJC_ROOT_CLASS = YES_ERROR;
				CLANG_WARN_RANGE_LOOP_ANALYSIS = YES;
				CLANG_WARN_STRICT_PROTOTYPES = YES;
				CLANG_WARN_SUSPICIOUS_MOVE = YES;
				CLANG_WARN_UNGUARDED_AVAILABILITY = YES_AGGRESSIVE;
				CLANG_WARN_UNREACHABLE_CODE = YES;
				CLANG_WARN__DUPLICATE_METHOD_MATCH = YES;
				COPY_PHASE_STRIP = NO;
				DEBUG_INFORMATION_FORMAT = dwarf;
				ENABLE_STRICT_OBJC_MSGSEND = YES;
				ENABLE_TESTABILITY = YES;
				GCC_C_LANGUAGE_STANDARD = gnu11;
				GCC_DYNAMIC_NO_PIC = NO;
				GCC_NO_COMMON_BLOCKS = YES;
				GCC_OPTIMIZATION_LEVEL = 0;
				GCC_PREPROCESSOR_DEFINITIONS = (
					"DEBUG=1",
					"$(inherited)",
				);
				GCC_WARN_64_TO_32_BIT_CONVERSION = YES;
				GCC_WARN_ABOUT_RETURN_TYPE = YES_ERROR;
				GCC_WARN_UNDECLARED_SELECTOR = YES;
				GCC_WARN_UNINITIALIZED_AUTOS = YES_AGGRESSIVE;
				GCC_WARN_UNUSED_FUNCTION = YES;
				GCC_WARN_UNUSED_VARIABLE = YES;
				IPHONEOS_DEPLOYMENT_TARGET = 13.2;
				MTL_ENABLE_DEBUG_INFO = INCLUDE_SOURCE;
				MTL_FAST_MATH = YES;
				ONLY_ACTIVE_ARCH = YES;
				SDKROOT = iphoneos;
				SWIFT_ACTIVE_COMPILATION_CONDITIONS = DEBUG;
				SWIFT_OPTIMIZATION_LEVEL = "-Onone";
			};
			name = Debug;
		};
		688BD830259F8CF2002E81D8 /* Release */ = {
			isa = XCBuildConfiguration;
			buildSettings = {
				ALWAYS_SEARCH_USER_PATHS = NO;
				CLANG_ANALYZER_NONNULL = YES;
				CLANG_ANALYZER_NUMBER_OBJECT_CONVERSION = YES_AGGRESSIVE;
				CLANG_CXX_LANGUAGE_STANDARD = "gnu++14";
				CLANG_CXX_LIBRARY = "libc++";
				CLANG_ENABLE_MODULES = YES;
				CLANG_ENABLE_OBJC_ARC = YES;
				CLANG_ENABLE_OBJC_WEAK = YES;
				CLANG_WARN_BLOCK_CAPTURE_AUTORELEASING = YES;
				CLANG_WARN_BOOL_CONVERSION = YES;
				CLANG_WARN_COMMA = YES;
				CLANG_WARN_CONSTANT_CONVERSION = YES;
				CLANG_WARN_DEPRECATED_OBJC_IMPLEMENTATIONS = YES;
				CLANG_WARN_DIRECT_OBJC_ISA_USAGE = YES_ERROR;
				CLANG_WARN_DOCUMENTATION_COMMENTS = YES;
				CLANG_WARN_EMPTY_BODY = YES;
				CLANG_WARN_ENUM_CONVERSION = YES;
				CLANG_WARN_INFINITE_RECURSION = YES;
				CLANG_WARN_INT_CONVERSION = YES;
				CLANG_WARN_NON_LITERAL_NULL_CONVERSION = YES;
				CLANG_WARN_OBJC_IMPLICIT_RETAIN_SELF = YES;
				CLANG_WARN_OBJC_LITERAL_CONVERSION = YES;
				CLANG_WARN_OBJC_ROOT_CLASS = YES_ERROR;
				CLANG_WARN_RANGE_LOOP_ANALYSIS = YES;
				CLANG_WARN_STRICT_PROTOTYPES = YES;
				CLANG_WARN_SUSPICIOUS_MOVE = YES;
				CLANG_WARN_UNGUARDED_AVAILABILITY = YES_AGGRESSIVE;
				CLANG_WARN_UNREACHABLE_CODE = YES;
				CLANG_WARN__DUPLICATE_METHOD_MATCH = YES;
				COPY_PHASE_STRIP = NO;
				DEBUG_INFORMATION_FORMAT = "dwarf-with-dsym";
				ENABLE_NS_ASSERTIONS = NO;
				ENABLE_STRICT_OBJC_MSGSEND = YES;
				GCC_C_LANGUAGE_STANDARD = gnu11;
				GCC_NO_COMMON_BLOCKS = YES;
				GCC_WARN_64_TO_32_BIT_CONVERSION = YES;
				GCC_WARN_ABOUT_RETURN_TYPE = YES_ERROR;
				GCC_WARN_UNDECLARED_SELECTOR = YES;
				GCC_WARN_UNINITIALIZED_AUTOS = YES_AGGRESSIVE;
				GCC_WARN_UNUSED_FUNCTION = YES;
				GCC_WARN_UNUSED_VARIABLE = YES;
				IPHONEOS_DEPLOYMENT_TARGET = 13.2;
				MTL_ENABLE_DEBUG_INFO = NO;
				MTL_FAST_MATH = YES;
				SDKROOT = iphoneos;
				SWIFT_COMPILATION_MODE = wholemodule;
				SWIFT_OPTIMIZATION_LEVEL = "-O";
				VALIDATE_PRODUCT = YES;
			};
			name = Release;
		};
		688BD832259F8CF2002E81D8 /* Debug */ = {
			isa = XCBuildConfiguration;
			buildSettings = {
				ASSETCATALOG_COMPILER_APPICON_NAME = AppIcon;
				CODE_SIGN_STYLE = Automatic;
				DEVELOPMENT_ASSET_PATHS = "\"CoreDataProject/Preview Content\"";
				DEVELOPMENT_TEAM = FDSUM2GRTB;
				ENABLE_PREVIEWS = YES;
				INFOPLIST_FILE = CoreDataProject/Info.plist;
				LD_RUNPATH_SEARCH_PATHS = (
					"$(inherited)",
					"@executable_path/Frameworks",
				);
				PRODUCT_BUNDLE_IDENTIFIER = com.tajwar.CoreDataProject;
				PRODUCT_NAME = "$(TARGET_NAME)";
				SWIFT_VERSION = 5.0;
				TARGETED_DEVICE_FAMILY = "1,2";
			};
			name = Debug;
		};
		688BD833259F8CF2002E81D8 /* Release */ = {
			isa = XCBuildConfiguration;
			buildSettings = {
				ASSETCATALOG_COMPILER_APPICON_NAME = AppIcon;
				CODE_SIGN_STYLE = Automatic;
				DEVELOPMENT_ASSET_PATHS = "\"CoreDataProject/Preview Content\"";
				DEVELOPMENT_TEAM = FDSUM2GRTB;
				ENABLE_PREVIEWS = YES;
				INFOPLIST_FILE = CoreDataProject/Info.plist;
				LD_RUNPATH_SEARCH_PATHS = (
					"$(inherited)",
					"@executable_path/Frameworks",
				);
				PRODUCT_BUNDLE_IDENTIFIER = com.tajwar.CoreDataProject;
				PRODUCT_NAME = "$(TARGET_NAME)";
				SWIFT_VERSION = 5.0;
				TARGETED_DEVICE_FAMILY = "1,2";
			};
			name = Release;
		};
/* End XCBuildConfiguration section */

/* Begin XCConfigurationList section */
		688BD815259F8CE8002E81D8 /* Build configuration list for PBXProject "CoreDataProject" */ = {
			isa = XCConfigurationList;
			buildConfigurations = (
				688BD82F259F8CF2002E81D8 /* Debug */,
				688BD830259F8CF2002E81D8 /* Release */,
			);
			defaultConfigurationIsVisible = 0;
			defaultConfigurationName = Release;
		};
		688BD831259F8CF2002E81D8 /* Build configuration list for PBXNativeTarget "CoreDataProject" */ = {
			isa = XCConfigurationList;
			buildConfigurations = (
				688BD832259F8CF2002E81D8 /* Debug */,
				688BD833259F8CF2002E81D8 /* Release */,
			);
			defaultConfigurationIsVisible = 0;
			defaultConfigurationName = Release;
		};
/* End XCConfigurationList section */

/* Begin XCVersionGroup section */
		688BD821259F8CE9002E81D8 /* CoreDataProject.xcdatamodeld */ = {
			isa = XCVersionGroup;
			children = (
				688BD822259F8CE9002E81D8 /* CoreDataProject.xcdatamodel */,
			);
			currentVersion = 688BD822259F8CE9002E81D8 /* CoreDataProject.xcdatamodel */;
			path = CoreDataProject.xcdatamodeld;
			sourceTree = "<group>";
			versionGroupType = wrapper.xcdatamodel;
		};
/* End XCVersionGroup section */
	};
	rootObject = 688BD812259F8CE8002E81D8 /* Project object */;
}
